
Microsoft Visual Studio Solution File, Format Version 12.00
# Visual Studio 14
VisualStudioVersion = 14.0.25420.1
MinimumVisualStudioVersion = 10.0.40219.1
Project("{FAE04EC0-301F-11D3-BF4B-00C04F79EFBC}") = "Opmas", "Opmas\Opmas.csproj", "{8757A6A5-4F9A-486D-876D-EB6DBE970843}"
EndProject
Project("{FAE04EC0-301F-11D3-BF4B-00C04F79EFBC}") = "Opmas.Data.Service", "Opmas.Data.Service\Opmas.Data.Service.csproj", "{F27D00FF-6BB6-479B-84B9-A33C04B44D08}"
EndProject
Project("{FAE04EC0-301F-11D3-BF4B-00C04F79EFBC}") = "Opmas.Data.DataContext", "Opmas.Data.DataContext\Opmas.Data.DataContext.csproj", "{16270421-F7E0-4158-9544-CFA63722EF24}"
EndProject
Project("{FAE04EC0-301F-11D3-BF4B-00C04F79EFBC}") = "Opmas.Data.Objects", "Opmas.Data.Objects\Opmas.Data.Objects.csproj", "{F66834AB-D691-4595-855A-AD0FD040567E}"
EndProject
Project("{FAE04EC0-301F-11D3-BF4B-00C04F79EFBC}") = "Opmas.Data.Factory", "Opmas.Data.Factory\Opmas.Data.Factory.csproj", "{33E6F478-7C8B-4C4A-B225-5CB113C95880}"
EndProject
Global
	GlobalSection(SolutionConfigurationPlatforms) = preSolution
		Debug|Any CPU = Debug|Any CPU
		Release|Any CPU = Release|Any CPU
	EndGlobalSection
	GlobalSection(ProjectConfigurationPlatforms) = postSolution
		{8757A6A5-4F9A-486D-876D-EB6DBE970843}.Debug|Any CPU.ActiveCfg = Debug|Any CPU
		{8757A6A5-4F9A-486D-876D-EB6DBE970843}.Debug|Any CPU.Build.0 = Debug|Any CPU
		{8757A6A5-4F9A-486D-876D-EB6DBE970843}.Release|Any CPU.ActiveCfg = Release|Any CPU
		{8757A6A5-4F9A-486D-876D-EB6DBE970843}.Release|Any CPU.Build.0 = Release|Any CPU
		{F27D00FF-6BB6-479B-84B9-A33C04B44D08}.Debug|Any CPU.ActiveCfg = Debug|Any CPU
		{F27D00FF-6BB6-479B-84B9-A33C04B44D08}.Debug|Any CPU.Build.0 = Debug|Any CPU
		{F27D00FF-6BB6-479B-84B9-A33C04B44D08}.Release|Any CPU.ActiveCfg = Release|Any CPU
		{F27D00FF-6BB6-479B-84B9-A33C04B44D08}.Release|Any CPU.Build.0 = Release|Any CPU
		{16270421-F7E0-4158-9544-CFA63722EF24}.Debug|Any CPU.ActiveCfg = Debug|Any CPU
		{16270421-F7E0-4158-9544-CFA63722EF24}.Debug|Any CPU.Build.0 = Debug|Any CPU
		{16270421-F7E0-4158-9544-CFA63722EF24}.Release|Any CPU.ActiveCfg = Release|Any CPU
		{16270421-F7E0-4158-9544-CFA63722EF24}.Release|Any CPU.Build.0 = Release|Any CPU
		{F66834AB-D691-4595-855A-AD0FD040567E}.Debug|Any CPU.ActiveCfg = Debug|Any CPU
		{F66834AB-D691-4595-855A-AD0FD040567E}.Debug|Any CPU.Build.0 = Debug|Any CPU
		{F66834AB-D691-4595-855A-AD0FD040567E}.Release|Any CPU.ActiveCfg = Release|Any CPU
		{F66834AB-D691-4595-855A-AD0FD040567E}.Release|Any CPU.Build.0 = Release|Any CPU
		{33E6F478-7C8B-4C4A-B225-5CB113C95880}.Debug|Any CPU.ActiveCfg = Debug|Any CPU
		{33E6F478-7C8B-4C4A-B225-5CB113C95880}.Debug|Any CPU.Build.0 = Debug|Any CPU
		{33E6F478-7C8B-4C4A-B225-5CB113C95880}.Release|Any CPU.ActiveCfg = Release|Any CPU
		{33E6F478-7C8B-4C4A-B225-5CB113C95880}.Release|Any CPU.Build.0 = Release|Any CPU
	EndGlobalSection
	GlobalSection(SolutionProperties) = preSolution
		HideSolutionNode = FALSE
	EndGlobalSection
EndGlobal
